
Microsoft Visual Studio Solution File, Format Version 12.00
# Visual Studio 14
VisualStudioVersion = 14.0.23107.0
MinimumVisualStudioVersion = 10.0.40219.1
Project("{2150E333-8FDC-42A3-9474-1A3956D46DE8}") = "docs", "docs", "{BD4EA6A1-734E-43F5-8CD9-6A047929A457}"
	ProjectSection(SolutionItems) = preProject
		docs\Doxyfile_aq = docs\Doxyfile_aq
		docs\Doxyfile_aqlog = docs\Doxyfile_aqlog
		README.md = README.md
		docs\TODO.md = docs\TODO.md
		docs\USAGE_aq.md = docs\USAGE_aq.md
		docs\USAGE_aqlog.md = docs\USAGE_aqlog.md
		docs\USAGE_EXAMPLES.md = docs\USAGE_EXAMPLES.md
		build\aqlog_doxygen\Warnings.txt = build\aqlog_doxygen\Warnings.txt
	EndProjectSection
EndProject
Project("{8BC9CEB8-8B4A-11D0-8D11-00A0C91BC942}") = "aq", "src\aq\lib\aq.vcxproj", "{083DC91F-3197-4BD4-870D-C9E84D623504}"
EndProject
Project("{8BC9CEB8-8B4A-11D0-8D11-00A0C91BC942}") = "aq_perftest", "src\aq\perftest\aq_perftest.vcxproj", "{C1D4BF39-CB7E-4C88-8A50-EA38DCB1309B}"
EndProject
Project("{8BC9CEB8-8B4A-11D0-8D11-00A0C91BC942}") = "aq_stresstest", "src\aq\stresstest\aq_stresstest.vcxproj", "{8DE2F94E-2872-4A36-9711-EF260BDDEFEB}"
EndProject
Project("{8BC9CEB8-8B4A-11D0-8D11-00A0C91BC942}") = "aq_unittest", "src\aq\unittest\aq_unittest.vcxproj", "{191B8237-6766-4B5C-8B2A-3B5B1B7E0069}"
EndProject
Project("{8BC9CEB8-8B4A-11D0-8D11-00A0C91BC942}") = "tst", "src\tst\lib\tst.vcxproj", "{5CEBAAC5-F673-43C3-824A-22BD1AAF1171}"
EndProject
Project("{8BC9CEB8-8B4A-11D0-8D11-00A0C91BC942}") = "tst_unittest", "src\tst\unittest\tst_unittest.vcxproj", "{771D62B3-B4C9-4C57-AD3D-CFD88FE15F5B}"
EndProject
Project("{8BC9CEB8-8B4A-11D0-8D11-00A0C91BC942}") = "aqlog", "src\aqlog\lib\aqlog.vcxproj", "{0F15EEB5-87CC-421F-9D2B-D68DEAD4ACD6}"
EndProject
Project("{8BC9CEB8-8B4A-11D0-8D11-00A0C91BC942}") = "aqlog_unittest", "src\aqlog\unittest\aqlog_unittest.vcxproj", "{D1932A80-0D8A-4CE9-B1A3-AA3F9779B19F}"
EndProject
Project("{8BC9CEB8-8B4A-11D0-8D11-00A0C91BC942}") = "jsoncpp", "src\jsoncpp\jsoncpp.vcxproj", "{6FA06B29-CB65-4DBC-85B4-9582849B4565}"
EndProject
Project("{8BC9CEB8-8B4A-11D0-8D11-00A0C91BC942}") = "aqosa", "src\aqosa\lib\aqosa.vcxproj", "{63D112CB-A93E-43E7-818A-69A6EFBB2428}"
EndProject
Global
	GlobalSection(SolutionConfigurationPlatforms) = preSolution
		Debug|x86 = Debug|x86
		Performance|x86 = Performance|x86
		Release|x86 = Release|x86
	EndGlobalSection
	GlobalSection(ProjectConfigurationPlatforms) = postSolution
		{083DC91F-3197-4BD4-870D-C9E84D623504}.Debug|x86.ActiveCfg = Debug|Win32
		{083DC91F-3197-4BD4-870D-C9E84D623504}.Debug|x86.Build.0 = Debug|Win32
		{083DC91F-3197-4BD4-870D-C9E84D623504}.Performance|x86.ActiveCfg = Performance|Win32
		{083DC91F-3197-4BD4-870D-C9E84D623504}.Performance|x86.Build.0 = Performance|Win32
		{083DC91F-3197-4BD4-870D-C9E84D623504}.Release|x86.ActiveCfg = Release|Win32
		{083DC91F-3197-4BD4-870D-C9E84D623504}.Release|x86.Build.0 = Release|Win32
		{C1D4BF39-CB7E-4C88-8A50-EA38DCB1309B}.Debug|x86.ActiveCfg = Debug|Win32
		{C1D4BF39-CB7E-4C88-8A50-EA38DCB1309B}.Debug|x86.Build.0 = Debug|Win32
		{C1D4BF39-CB7E-4C88-8A50-EA38DCB1309B}.Performance|x86.ActiveCfg = Performance|Win32
		{C1D4BF39-CB7E-4C88-8A50-EA38DCB1309B}.Performance|x86.Build.0 = Performance|Win32
		{C1D4BF39-CB7E-4C88-8A50-EA38DCB1309B}.Release|x86.ActiveCfg = Release|Win32
		{C1D4BF39-CB7E-4C88-8A50-EA38DCB1309B}.Release|x86.Build.0 = Release|Win32
		{8DE2F94E-2872-4A36-9711-EF260BDDEFEB}.Debug|x86.ActiveCfg = Debug|Win32
		{8DE2F94E-2872-4A36-9711-EF260BDDEFEB}.Debug|x86.Build.0 = Debug|Win32
		{8DE2F94E-2872-4A36-9711-EF260BDDEFEB}.Performance|x86.ActiveCfg = Performance|Win32
		{8DE2F94E-2872-4A36-9711-EF260BDDEFEB}.Performance|x86.Build.0 = Performance|Win32
		{8DE2F94E-2872-4A36-9711-EF260BDDEFEB}.Release|x86.ActiveCfg = Release|Win32
		{8DE2F94E-2872-4A36-9711-EF260BDDEFEB}.Release|x86.Build.0 = Release|Win32
		{191B8237-6766-4B5C-8B2A-3B5B1B7E0069}.Debug|x86.ActiveCfg = Debug|Win32
		{191B8237-6766-4B5C-8B2A-3B5B1B7E0069}.Debug|x86.Build.0 = Debug|Win32
		{191B8237-6766-4B5C-8B2A-3B5B1B7E0069}.Performance|x86.ActiveCfg = Performance|Win32
		{191B8237-6766-4B5C-8B2A-3B5B1B7E0069}.Performance|x86.Build.0 = Performance|Win32
		{191B8237-6766-4B5C-8B2A-3B5B1B7E0069}.Release|x86.ActiveCfg = Release|Win32
		{191B8237-6766-4B5C-8B2A-3B5B1B7E0069}.Release|x86.Build.0 = Release|Win32
		{5CEBAAC5-F673-43C3-824A-22BD1AAF1171}.Debug|x86.ActiveCfg = Debug|Win32
		{5CEBAAC5-F673-43C3-824A-22BD1AAF1171}.Debug|x86.Build.0 = Debug|Win32
		{5CEBAAC5-F673-43C3-824A-22BD1AAF1171}.Performance|x86.ActiveCfg = Performance|Win32
		{5CEBAAC5-F673-43C3-824A-22BD1AAF1171}.Performance|x86.Build.0 = Performance|Win32
		{5CEBAAC5-F673-43C3-824A-22BD1AAF1171}.Release|x86.ActiveCfg = Release|Win32
		{5CEBAAC5-F673-43C3-824A-22BD1AAF1171}.Release|x86.Build.0 = Release|Win32
		{771D62B3-B4C9-4C57-AD3D-CFD88FE15F5B}.Debug|x86.ActiveCfg = Debug|Win32
		{771D62B3-B4C9-4C57-AD3D-CFD88FE15F5B}.Debug|x86.Build.0 = Debug|Win32
		{771D62B3-B4C9-4C57-AD3D-CFD88FE15F5B}.Performance|x86.ActiveCfg = Performance|Win32
		{771D62B3-B4C9-4C57-AD3D-CFD88FE15F5B}.Performance|x86.Build.0 = Performance|Win32
		{771D62B3-B4C9-4C57-AD3D-CFD88FE15F5B}.Release|x86.ActiveCfg = Release|Win32
		{771D62B3-B4C9-4C57-AD3D-CFD88FE15F5B}.Release|x86.Build.0 = Release|Win32
		{0F15EEB5-87CC-421F-9D2B-D68DEAD4ACD6}.Debug|x86.ActiveCfg = Debug|Win32
		{0F15EEB5-87CC-421F-9D2B-D68DEAD4ACD6}.Debug|x86.Build.0 = Debug|Win32
		{0F15EEB5-87CC-421F-9D2B-D68DEAD4ACD6}.Performance|x86.ActiveCfg = Performance|Win32
		{0F15EEB5-87CC-421F-9D2B-D68DEAD4ACD6}.Performance|x86.Build.0 = Performance|Win32
		{0F15EEB5-87CC-421F-9D2B-D68DEAD4ACD6}.Release|x86.ActiveCfg = Release|Win32
		{0F15EEB5-87CC-421F-9D2B-D68DEAD4ACD6}.Release|x86.Build.0 = Release|Win32
		{D1932A80-0D8A-4CE9-B1A3-AA3F9779B19F}.Debug|x86.ActiveCfg = Debug|Win32
		{D1932A80-0D8A-4CE9-B1A3-AA3F9779B19F}.Debug|x86.Build.0 = Debug|Win32
		{D1932A80-0D8A-4CE9-B1A3-AA3F9779B19F}.Performance|x86.ActiveCfg = Performance|Win32
		{D1932A80-0D8A-4CE9-B1A3-AA3F9779B19F}.Performance|x86.Build.0 = Performance|Win32
		{D1932A80-0D8A-4CE9-B1A3-AA3F9779B19F}.Release|x86.ActiveCfg = Release|Win32
		{D1932A80-0D8A-4CE9-B1A3-AA3F9779B19F}.Release|x86.Build.0 = Release|Win32
		{6FA06B29-CB65-4DBC-85B4-9582849B4565}.Debug|x86.ActiveCfg = Debug|Win32
		{6FA06B29-CB65-4DBC-85B4-9582849B4565}.Debug|x86.Build.0 = Debug|Win32
		{6FA06B29-CB65-4DBC-85B4-9582849B4565}.Performance|x86.ActiveCfg = Performance|Win32
		{6FA06B29-CB65-4DBC-85B4-9582849B4565}.Performance|x86.Build.0 = Performance|Win32
		{6FA06B29-CB65-4DBC-85B4-9582849B4565}.Release|x86.ActiveCfg = Release|Win32
		{6FA06B29-CB65-4DBC-85B4-9582849B4565}.Release|x86.Build.0 = Release|Win32
		{63D112CB-A93E-43E7-818A-69A6EFBB2428}.Debug|x86.ActiveCfg = Debug|Win32
		{63D112CB-A93E-43E7-818A-69A6EFBB2428}.Debug|x86.Build.0 = Debug|Win32
		{63D112CB-A93E-43E7-818A-69A6EFBB2428}.Performance|x86.ActiveCfg = Performance|Win32
		{63D112CB-A93E-43E7-818A-69A6EFBB2428}.Performance|x86.Build.0 = Performance|Win32
		{63D112CB-A93E-43E7-818A-69A6EFBB2428}.Release|x86.ActiveCfg = Release|Win32
		{63D112CB-A93E-43E7-818A-69A6EFBB2428}.Release|x86.Build.0 = Release|Win32
	EndGlobalSection
	GlobalSection(SolutionProperties) = preSolution
		HideSolutionNode = FALSE
	EndGlobalSection
EndGlobal
