<?xml version="1.0" encoding="utf-8"?>
<Project ToolsVersion="4.0" xmlns="http://schemas.microsoft.com/developer/msbuild/2003">
  <ItemGroup>
    <ClCompile Include="Main.cpp" />
    <ClCompile Include="UtHashFunction.cpp" />
    <ClCompile Include="UtLogLevelHashFilter.cpp" />
    <ClCompile Include="UtLogLevelHash.cpp" />
    <ClCompile Include="UtLogMemory.cpp" />
    <ClCompile Include="UtAQLogMacros.cpp" />
    <ClCompile Include="LogReaderTest.cpp" />
    <ClCompile Include="HashMemory.cpp" />
    <ClCompile Include="RandomHandlers.cpp" />
    <ClCompile Include="TestHandler.cpp" />
    <ClCompile Include="UtAQLogStringBuilder.cpp" />
  </ItemGroup>
  <ItemGroup>
    <ClInclude Include="Main.h" />
    <ClInclude Include="HashData.h" />
    <ClInclude Include="LogReaderTest.h" />
    <ClInclude Include="HashMemory.h" />
    <ClInclude Include="RandomHandlers.h" />
    <ClInclude Include="TestHandler.h" />
  </ItemGroup>
  <ItemGroup>
    <None Include="HashData.raw" />
  </ItemGroup>
  <ItemGroup>
    <Text Include="CMakeLists.txt" />
  </ItemGroup>
</Project>