<?xml version="1.0" encoding="utf-8"?>
<Project ToolsVersion="4.0" xmlns="http://schemas.microsoft.com/developer/msbuild/2003">
  <ItemGroup>
    <ClCompile Include="AQ.cpp" />
    <ClCompile Include="AQReader.cpp" />
    <ClCompile Include="AQWriter.cpp" />
    <ClCompile Include="AQItem.cpp" />
    <ClCompile Include="AQSnapshot.cpp" />
    <ClCompile Include="AQUnformattedException.cpp" />
    <ClCompile Include="internal\Crc32.cpp">
      <Filter>internal</Filter>
    </ClCompile>
    <ClCompile Include="internal\CtrlOverlay.cpp">
      <Filter>internal</Filter>
    </ClCompile>
    <ClCompile Include="internal\LinkedItemProcessor.cpp">
      <Filter>internal</Filter>
    </ClCompile>
    <ClCompile Include="internal\TestPointNotifier.cpp">
      <Filter>internal</Filter>
    </ClCompile>
    <ClCompile Include="internal\Timer.cpp">
      <Filter>internal</Filter>
    </ClCompile>
    <ClCompile Include="internal\TraceBuffer.cpp">
      <Filter>internal</Filter>
    </ClCompile>
    <ClCompile Include="internal\TraceManager.cpp">
      <Filter>internal</Filter>
    </ClCompile>
    <ClCompile Include="AQWriterItem.cpp" />
    <ClCompile Include="Internal\Windows\AQWriterItem_vprintf.cpp">
      <Filter>internal\windows</Filter>
    </ClCompile>
    <ClCompile Include="AQHeapMemory.cpp" />
  </ItemGroup>
  <ItemGroup>
    <ClInclude Include="AQItem.h" />
    <ClInclude Include="AQWriterItem.h" />
    <ClInclude Include="AQ.h" />
    <ClInclude Include="AQReader.h" />
    <ClInclude Include="AQWriter.h" />
    <ClInclude Include="AQSnapshot.h" />
    <ClInclude Include="AQUnformattedException.h" />
    <ClInclude Include="internal\windows\Atomic.h">
      <Filter>internal\windows</Filter>
    </ClInclude>
    <ClInclude Include="internal\windows\Timer.h">
      <Filter>internal\windows</Filter>
    </ClInclude>
    <ClInclude Include="internal\Crc32.h">
      <Filter>internal</Filter>
    </ClInclude>
    <ClInclude Include="internal\CtrlOverlay.h">
      <Filter>internal</Filter>
    </ClInclude>
    <ClInclude Include="internal\LinkedItemProcessor.h">
      <Filter>internal</Filter>
    </ClInclude>
    <ClInclude Include="internal\TestPointNotifier.h">
      <Filter>internal</Filter>
    </ClInclude>
    <ClInclude Include="internal\TraceBuffer.h">
      <Filter>internal</Filter>
    </ClInclude>
    <ClInclude Include="internal\TraceManager.h">
      <Filter>internal</Filter>
    </ClInclude>
    <ClInclude Include="IAQSharedMemory.h" />
    <ClInclude Include="AQHeapMemory.h" />
    <ClInclude Include="AQExternMemory.h" />
  </ItemGroup>
  <ItemGroup>
    <Filter Include="internal">
      <UniqueIdentifier>{ea6e7806-0ed2-425a-9d97-91620582bc63}</UniqueIdentifier>
    </Filter>
    <Filter Include="internal\windows">
      <UniqueIdentifier>{0e012b98-cbb2-44b7-9929-cfface4ad07c}</UniqueIdentifier>
    </Filter>
  </ItemGroup>
</Project>